// !$*UTF8*$!
{
	archiveVersion = 1;
	classes = {
	};
	objectVersion = 50;
	objects = {

/* Begin PBXBuildFile section */
		A4910DE426CFEE5300A691AE /* EntryPoint.cpp in Sources */ = {isa = PBXBuildFile; fileRef = A4910DE226CFEE5300A691AE /* EntryPoint.cpp */; };
		A4910DE726CFEEBF00A691AE /* Application.cpp in Sources */ = {isa = PBXBuildFile; fileRef = A4910DE526CFEEBF00A691AE /* Application.cpp */; };
		A4910E0026CFF5AA00A691AE /* SandBoxApp.cpp in Sources */ = {isa = PBXBuildFile; fileRef = A4910DFE26CFF5AA00A691AE /* SandBoxApp.cpp */; };
		A4910E0326D0058B00A691AE /* Log.cpp in Sources */ = {isa = PBXBuildFile; fileRef = A4910E0126D0058B00A691AE /* Log.cpp */; };
/* End PBXBuildFile section */

/* Begin PBXCopyFilesBuildPhase section */
		A4910DD526CFEE0B00A691AE /* CopyFiles */ = {
			isa = PBXCopyFilesBuildPhase;
			buildActionMask = 2147483647;
			dstPath = /usr/share/man/man1/;
			dstSubfolderSpec = 0;
			files = (
			);
			runOnlyForDeploymentPostprocessing = 1;
		};
/* End PBXCopyFilesBuildPhase section */

/* Begin PBXFileReference section */
		A4910DD726CFEE0B00A691AE /* SEngine */ = {isa = PBXFileReference; explicitFileType = "compiled.mach-o.executable"; includeInIndex = 0; path = SEngine; sourceTree = BUILT_PRODUCTS_DIR; };
		A4910DE226CFEE5300A691AE /* EntryPoint.cpp */ = {isa = PBXFileReference; lastKnownFileType = sourcecode.cpp.cpp; path = EntryPoint.cpp; sourceTree = "<group>"; };
		A4910DE326CFEE5300A691AE /* EntryPoint.hpp */ = {isa = PBXFileReference; lastKnownFileType = sourcecode.cpp.h; path = EntryPoint.hpp; sourceTree = "<group>"; };
		A4910DE526CFEEBF00A691AE /* Application.cpp */ = {isa = PBXFileReference; lastKnownFileType = sourcecode.cpp.cpp; path = Application.cpp; sourceTree = "<group>"; };
		A4910DE626CFEEBF00A691AE /* Application.hpp */ = {isa = PBXFileReference; lastKnownFileType = sourcecode.cpp.h; path = Application.hpp; sourceTree = "<group>"; };
		A4910DFB26CFF35F00A691AE /* SEngine.h */ = {isa = PBXFileReference; lastKnownFileType = sourcecode.c.h; path = SEngine.h; sourceTree = "<group>"; };
		A4910DFE26CFF5AA00A691AE /* SandBoxApp.cpp */ = {isa = PBXFileReference; lastKnownFileType = sourcecode.cpp.cpp; name = SandBoxApp.cpp; path = SEngine/SandBoxApp.cpp; sourceTree = SOURCE_ROOT; };
		A4910DFF26CFF5AA00A691AE /* SandBoxApp.hpp */ = {isa = PBXFileReference; lastKnownFileType = sourcecode.cpp.h; name = SandBoxApp.hpp; path = SEngine/SandBoxApp.hpp; sourceTree = SOURCE_ROOT; };
		A4910E0126D0058B00A691AE /* Log.cpp */ = {isa = PBXFileReference; lastKnownFileType = sourcecode.cpp.cpp; path = Log.cpp; sourceTree = "<group>"; };
		A4910E0226D0058B00A691AE /* Log.hpp */ = {isa = PBXFileReference; lastKnownFileType = sourcecode.cpp.h; path = Log.hpp; sourceTree = "<group>"; };
		A4910E0426D0082800A691AE /* Core.h */ = {isa = PBXFileReference; lastKnownFileType = sourcecode.c.h; path = Core.h; sourceTree = "<group>"; };
/* End PBXFileReference section */

/* Begin PBXFrameworksBuildPhase section */
		A4910DD426CFEE0B00A691AE /* Frameworks */ = {
			isa = PBXFrameworksBuildPhase;
			buildActionMask = 2147483647;
			files = (
			);
			runOnlyForDeploymentPostprocessing = 0;
		};
/* End PBXFrameworksBuildPhase section */

/* Begin PBXGroup section */
		A4910DCE26CFEE0B00A691AE = {
			isa = PBXGroup;
			children = (
				A4910DFC26CFF57700A691AE /* Game */,
				A4910DD926CFEE0B00A691AE /* SEngine */,
				A4910DD826CFEE0B00A691AE /* Products */,
			);
			sourceTree = "<group>";
		};
		A4910DD826CFEE0B00A691AE /* Products */ = {
			isa = PBXGroup;
			children = (
				A4910DD726CFEE0B00A691AE /* SEngine */,
			);
			name = Products;
			sourceTree = "<group>";
		};
		A4910DD926CFEE0B00A691AE /* SEngine */ = {
			isa = PBXGroup;
			children = (
				A4910DE126CFEE3B00A691AE /* Core */,
				A4910DFB26CFF35F00A691AE /* SEngine.h */,
				A4910E0126D0058B00A691AE /* Log.cpp */,
				A4910E0226D0058B00A691AE /* Log.hpp */,
			);
			path = SEngine;
			sourceTree = "<group>";
		};
		A4910DE126CFEE3B00A691AE /* Core */ = {
			isa = PBXGroup;
			children = (
				A4910DE226CFEE5300A691AE /* EntryPoint.cpp */,
				A4910DE326CFEE5300A691AE /* EntryPoint.hpp */,
				A4910DE526CFEEBF00A691AE /* Application.cpp */,
				A4910DE626CFEEBF00A691AE /* Application.hpp */,
				A4910E0426D0082800A691AE /* Core.h */,
			);
			path = Core;
			sourceTree = "<group>";
		};
		A4910DFC26CFF57700A691AE /* Game */ = {
			isa = PBXGroup;
			children = (
				A4910DFD26CFF58A00A691AE /* SandBox */,
			);
			path = Game;
			sourceTree = "<group>";
		};
		A4910DFD26CFF58A00A691AE /* SandBox */ = {
			isa = PBXGroup;
			children = (
				A4910DFE26CFF5AA00A691AE /* SandBoxApp.cpp */,
				A4910DFF26CFF5AA00A691AE /* SandBoxApp.hpp */,
			);
			path = SandBox;
			sourceTree = "<group>";
		};
/* End PBXGroup section */

/* Begin PBXNativeTarget section */
		A4910DD626CFEE0B00A691AE /* SEngine */ = {
			isa = PBXNativeTarget;
			buildConfigurationList = A4910DDE26CFEE0B00A691AE /* Build configuration list for PBXNativeTarget "SEngine" */;
			buildPhases = (
				A4910DD326CFEE0B00A691AE /* Sources */,
				A4910DD426CFEE0B00A691AE /* Frameworks */,
				A4910DD526CFEE0B00A691AE /* CopyFiles */,
			);
			buildRules = (
			);
			dependencies = (
			);
			name = SEngine;
			productName = SEngine;
			productReference = A4910DD726CFEE0B00A691AE /* SEngine */;
			productType = "com.apple.product-type.tool";
		};
/* End PBXNativeTarget section */

/* Begin PBXProject section */
		A4910DCF26CFEE0B00A691AE /* Project object */ = {
			isa = PBXProject;
			attributes = {
				LastUpgradeCheck = 1250;
				TargetAttributes = {
					A4910DD626CFEE0B00A691AE = {
						CreatedOnToolsVersion = 12.5.1;
					};
				};
			};
			buildConfigurationList = A4910DD226CFEE0B00A691AE /* Build configuration list for PBXProject "SEngine" */;
			compatibilityVersion = "Xcode 9.3";
			developmentRegion = en;
			hasScannedForEncodings = 0;
			knownRegions = (
				en,
				Base,
			);
			mainGroup = A4910DCE26CFEE0B00A691AE;
			productRefGroup = A4910DD826CFEE0B00A691AE /* Products */;
			projectDirPath = "";
			projectRoot = "";
			targets = (
				A4910DD626CFEE0B00A691AE /* SEngine */,
			);
		};
/* End PBXProject section */

/* Begin PBXSourcesBuildPhase section */
		A4910DD326CFEE0B00A691AE /* Sources */ = {
			isa = PBXSourcesBuildPhase;
			buildActionMask = 2147483647;
			files = (
				A4910E0026CFF5AA00A691AE /* SandBoxApp.cpp in Sources */,
				A4910DE726CFEEBF00A691AE /* Application.cpp in Sources */,
				A4910E0326D0058B00A691AE /* Log.cpp in Sources */,
				A4910DE426CFEE5300A691AE /* EntryPoint.cpp in Sources */,
			);
			runOnlyForDeploymentPostprocessing = 0;
		};
/* End PBXSourcesBuildPhase section */

/* Begin XCBuildConfiguration section */
		A4910DDC26CFEE0B00A691AE /* Debug */ = {
			isa = XCBuildConfiguration;
			buildSettings = {
				ALWAYS_SEARCH_USER_PATHS = NO;
				CLANG_ANALYZER_NONNULL = YES;
				CLANG_ANALYZER_NUMBER_OBJECT_CONVERSION = YES_AGGRESSIVE;
				CLANG_CXX_LANGUAGE_STANDARD = "gnu++14";
				CLANG_CXX_LIBRARY = "libc++";
				CLANG_ENABLE_MODULES = YES;
				CLANG_ENABLE_OBJC_ARC = YES;
				CLANG_ENABLE_OBJC_WEAK = YES;
				CLANG_WARN_BLOCK_CAPTURE_AUTORELEASING = YES;
				CLANG_WARN_BOOL_CONVERSION = YES;
				CLANG_WARN_COMMA = YES;
				CLANG_WARN_CONSTANT_CONVERSION = YES;
				CLANG_WARN_DEPRECATED_OBJC_IMPLEMENTATIONS = YES;
				CLANG_WARN_DIRECT_OBJC_ISA_USAGE = YES_ERROR;
				CLANG_WARN_DOCUMENTATION_COMMENTS = YES;
				CLANG_WARN_EMPTY_BODY = YES;
				CLANG_WARN_ENUM_CONVERSION = YES;
				CLANG_WARN_INFINITE_RECURSION = YES;
				CLANG_WARN_INT_CONVERSION = YES;
				CLANG_WARN_NON_LITERAL_NULL_CONVERSION = YES;
				CLANG_WARN_OBJC_IMPLICIT_RETAIN_SELF = YES;
				CLANG_WARN_OBJC_LITERAL_CONVERSION = YES;
				CLANG_WARN_OBJC_ROOT_CLASS = YES_ERROR;
				CLANG_WARN_QUOTED_INCLUDE_IN_FRAMEWORK_HEADER = YES;
				CLANG_WARN_RANGE_LOOP_ANALYSIS = YES;
				CLANG_WARN_STRICT_PROTOTYPES = YES;
				CLANG_WARN_SUSPICIOUS_MOVE = YES;
				CLANG_WARN_UNGUARDED_AVAILABILITY = YES_AGGRESSIVE;
				CLANG_WARN_UNREACHABLE_CODE = YES;
				CLANG_WARN__DUPLICATE_METHOD_MATCH = YES;
				COPY_PHASE_STRIP = NO;
				DEBUG_INFORMATION_FORMAT = dwarf;
				ENABLE_STRICT_OBJC_MSGSEND = YES;
				ENABLE_TESTABILITY = YES;
				GCC_C_LANGUAGE_STANDARD = gnu11;
				GCC_DYNAMIC_NO_PIC = NO;
				GCC_NO_COMMON_BLOCKS = YES;
				GCC_OPTIMIZATION_LEVEL = 0;
				GCC_PREPROCESSOR_DEFINITIONS = (
					"DEBUG=1",
					"$(inherited)",
				);
				GCC_WARN_64_TO_32_BIT_CONVERSION = YES;
				GCC_WARN_ABOUT_RETURN_TYPE = YES_ERROR;
				GCC_WARN_UNDECLARED_SELECTOR = YES;
				GCC_WARN_UNINITIALIZED_AUTOS = YES_AGGRESSIVE;
				GCC_WARN_UNUSED_FUNCTION = YES;
				GCC_WARN_UNUSED_VARIABLE = YES;
				MACOSX_DEPLOYMENT_TARGET = 11.3;
				MTL_ENABLE_DEBUG_INFO = INCLUDE_SOURCE;
				MTL_FAST_MATH = YES;
				ONLY_ACTIVE_ARCH = YES;
				SDKROOT = macosx;
			};
			name = Debug;
		};
		A4910DDD26CFEE0B00A691AE /* Release */ = {
			isa = XCBuildConfiguration;
			buildSettings = {
				ALWAYS_SEARCH_USER_PATHS = NO;
				CLANG_ANALYZER_NONNULL = YES;
				CLANG_ANALYZER_NUMBER_OBJECT_CONVERSION = YES_AGGRESSIVE;
				CLANG_CXX_LANGUAGE_STANDARD = "gnu++14";
				CLANG_CXX_LIBRARY = "libc++";
				CLANG_ENABLE_MODULES = YES;
				CLANG_ENABLE_OBJC_ARC = YES;
				CLANG_ENABLE_OBJC_WEAK = YES;
				CLANG_WARN_BLOCK_CAPTURE_AUTORELEASING = YES;
				CLANG_WARN_BOOL_CONVERSION = YES;
				CLANG_WARN_COMMA = YES;
				CLANG_WARN_CONSTANT_CONVERSION = YES;
				CLANG_WARN_DEPRECATED_OBJC_IMPLEMENTATIONS = YES;
				CLANG_WARN_DIRECT_OBJC_ISA_USAGE = YES_ERROR;
				CLANG_WARN_DOCUMENTATION_COMMENTS = YES;
				CLANG_WARN_EMPTY_BODY = YES;
				CLANG_WARN_ENUM_CONVERSION = YES;
				CLANG_WARN_INFINITE_RECURSION = YES;
				CLANG_WARN_INT_CONVERSION = YES;
				CLANG_WARN_NON_LITERAL_NULL_CONVERSION = YES;
				CLANG_WARN_OBJC_IMPLICIT_RETAIN_SELF = YES;
				CLANG_WARN_OBJC_LITERAL_CONVERSION = YES;
				CLANG_WARN_OBJC_ROOT_CLASS = YES_ERROR;
				CLANG_WARN_QUOTED_INCLUDE_IN_FRAMEWORK_HEADER = YES;
				CLANG_WARN_RANGE_LOOP_ANALYSIS = YES;
				CLANG_WARN_STRICT_PROTOTYPES = YES;
				CLANG_WARN_SUSPICIOUS_MOVE = YES;
				CLANG_WARN_UNGUARDED_AVAILABILITY = YES_AGGRESSIVE;
				CLANG_WARN_UNREACHABLE_CODE = YES;
				CLANG_WARN__DUPLICATE_METHOD_MATCH = YES;
				COPY_PHASE_STRIP = NO;
				DEBUG_INFORMATION_FORMAT = "dwarf-with-dsym";
				ENABLE_NS_ASSERTIONS = NO;
				ENABLE_STRICT_OBJC_MSGSEND = YES;
				GCC_C_LANGUAGE_STANDARD = gnu11;
				GCC_NO_COMMON_BLOCKS = YES;
				GCC_WARN_64_TO_32_BIT_CONVERSION = YES;
				GCC_WARN_ABOUT_RETURN_TYPE = YES_ERROR;
				GCC_WARN_UNDECLARED_SELECTOR = YES;
				GCC_WARN_UNINITIALIZED_AUTOS = YES_AGGRESSIVE;
				GCC_WARN_UNUSED_FUNCTION = YES;
				GCC_WARN_UNUSED_VARIABLE = YES;
				MACOSX_DEPLOYMENT_TARGET = 11.3;
				MTL_ENABLE_DEBUG_INFO = NO;
				MTL_FAST_MATH = YES;
				SDKROOT = macosx;
			};
			name = Release;
		};
		A4910DDF26CFEE0B00A691AE /* Debug */ = {
			isa = XCBuildConfiguration;
			buildSettings = {
				CODE_SIGN_STYLE = Automatic;
				DEVELOPMENT_TEAM = 9J3D5G44F2;
				ENABLE_HARDENED_RUNTIME = YES;
				HEADER_SEARCH_PATHS = "\"$(SRCROOT)/ThirdParty/include";
				PRODUCT_NAME = "$(TARGET_NAME)";
			};
			name = Debug;
		};
		A4910DE026CFEE0B00A691AE /* Release */ = {
			isa = XCBuildConfiguration;
			buildSettings = {
				CODE_SIGN_STYLE = Automatic;
				DEVELOPMENT_TEAM = 9J3D5G44F2;
				ENABLE_HARDENED_RUNTIME = YES;
				HEADER_SEARCH_PATHS = "\"$(SRCROOT)/ThirdParty/include";
				PRODUCT_NAME = "$(TARGET_NAME)";
			};
			name = Release;
		};
/* End XCBuildConfiguration section */

/* Begin XCConfigurationList section */
		A4910DD226CFEE0B00A691AE /* Build configuration list for PBXProject "SEngine" */ = {
			isa = XCConfigurationList;
			buildConfigurations = (
				A4910DDC26CFEE0B00A691AE /* Debug */,
				A4910DDD26CFEE0B00A691AE /* Release */,
			);
			defaultConfigurationIsVisible = 0;
			defaultConfigurationName = Release;
		};
		A4910DDE26CFEE0B00A691AE /* Build configuration list for PBXNativeTarget "SEngine" */ = {
			isa = XCConfigurationList;
			buildConfigurations = (
				A4910DDF26CFEE0B00A691AE /* Debug */,
				A4910DE026CFEE0B00A691AE /* Release */,
			);
			defaultConfigurationIsVisible = 0;
			defaultConfigurationName = Release;
		};
/* End XCConfigurationList section */
	};
	rootObject = A4910DCF26CFEE0B00A691AE /* Project object */;
}
