// !$*UTF8*$!
{
	archiveVersion = 1;
	classes = {
	};
	objectVersion = 50;
	objects = {

/* Begin PBXBuildFile section */
		8C6780FD26DA59AB00361CF1 /* Events.cpp in Sources */ = {isa = PBXBuildFile; fileRef = 8C6780FB26DA59AB00361CF1 /* Events.cpp */; };
		8CDFDBCD26D93BBF00C610B2 /* imgui.cpp in Sources */ = {isa = PBXBuildFile; fileRef = 8CDFDBCC26D93BBF00C610B2 /* imgui.cpp */; };
		8CDFDBCF26D93BD200C610B2 /* imgui_impl_opengl3.cpp in Sources */ = {isa = PBXBuildFile; fileRef = 8CDFDBCE26D93BD200C610B2 /* imgui_impl_opengl3.cpp */; };
		8CDFDBD126D93BDB00C610B2 /* imgui_impl_glfw.cpp in Sources */ = {isa = PBXBuildFile; fileRef = 8CDFDBD026D93BDB00C610B2 /* imgui_impl_glfw.cpp */; };
		8CDFDBD326D93C4500C610B2 /* imgui_draw.cpp in Sources */ = {isa = PBXBuildFile; fileRef = 8CDFDBD226D93C4500C610B2 /* imgui_draw.cpp */; };
		8CDFDBD526D93C6B00C610B2 /* imgui_tables.cpp in Sources */ = {isa = PBXBuildFile; fileRef = 8CDFDBD426D93C6B00C610B2 /* imgui_tables.cpp */; };
		8CDFDBD726D93C8B00C610B2 /* imgui_widgets.cpp in Sources */ = {isa = PBXBuildFile; fileRef = 8CDFDBD626D93C8B00C610B2 /* imgui_widgets.cpp */; };
		8CDFDBDA26D95B2C00C610B2 /* Render2D.cpp in Sources */ = {isa = PBXBuildFile; fileRef = 8CDFDBD826D95B2C00C610B2 /* Render2D.cpp */; };
		8CF9AEC226E3D65B0009BB52 /* Entity.cpp in Sources */ = {isa = PBXBuildFile; fileRef = 8CF9AEC026E3D65B0009BB52 /* Entity.cpp */; };
		8CF9AEC526E3D6F10009BB52 /* Vectors.cpp in Sources */ = {isa = PBXBuildFile; fileRef = 8CF9AEC326E3D6F10009BB52 /* Vectors.cpp */; };
		91DEC27626D9E7F400699F22 /* SandBoxApp.cpp in Sources */ = {isa = PBXBuildFile; fileRef = 91DEC27526D9E7F400699F22 /* SandBoxApp.cpp */; };
		A404A99726D28FE700A849C0 /* IOKit.framework in Frameworks */ = {isa = PBXBuildFile; fileRef = A404A99626D28FE700A849C0 /* IOKit.framework */; };
		A462A71826D2606A005574F0 /* CoreVideo.framework in Frameworks */ = {isa = PBXBuildFile; fileRef = A462A71726D2606A005574F0 /* CoreVideo.framework */; };
		A462A71A26D2606F005574F0 /* Cocoa.framework in Frameworks */ = {isa = PBXBuildFile; fileRef = A462A71926D2606F005574F0 /* Cocoa.framework */; };
		A462A71C26D26090005574F0 /* libglfw3.a in Frameworks */ = {isa = PBXBuildFile; fileRef = A462A71B26D26090005574F0 /* libglfw3.a */; };
		A49C100026D3CC4D00DAB7D2 /* OpenGL.framework in Frameworks */ = {isa = PBXBuildFile; fileRef = A49C0FFF26D3CC4D00DAB7D2 /* OpenGL.framework */; };
		A49C100226D3CC5600DAB7D2 /* GLUT.framework in Frameworks */ = {isa = PBXBuildFile; fileRef = A49C100126D3CC5600DAB7D2 /* GLUT.framework */; };
		A49C102B26D3D0D200DAB7D2 /* EntryPoint.cpp in Sources */ = {isa = PBXBuildFile; fileRef = A4910DE226CFEE5300A691AE /* EntryPoint.cpp */; };
		A49C102E26D3D15500DAB7D2 /* Application.cpp in Sources */ = {isa = PBXBuildFile; fileRef = A4910DE526CFEEBF00A691AE /* Application.cpp */; };
		A49C102F26D3D15500DAB7D2 /* UI.cpp in Sources */ = {isa = PBXBuildFile; fileRef = A49C0FF426D3BC0D00DAB7D2 /* UI.cpp */; };
		A49C103026D3D15500DAB7D2 /* Window.cpp in Sources */ = {isa = PBXBuildFile; fileRef = A404A99326D28FA300A849C0 /* Window.cpp */; };
		A49C103126D3D15500DAB7D2 /* Logger.cpp in Sources */ = {isa = PBXBuildFile; fileRef = A4910E0126D0058B00A691AE /* Logger.cpp */; };
		A49C103226D3D15F00DAB7D2 /* glad.c in Sources */ = {isa = PBXBuildFile; fileRef = A49C100526D3CE3E00DAB7D2 /* glad.c */; };
/* End PBXBuildFile section */

/* Begin PBXCopyFilesBuildPhase section */
		A4910DD526CFEE0B00A691AE /* CopyFiles */ = {
			isa = PBXCopyFilesBuildPhase;
			buildActionMask = 2147483647;
			dstPath = /usr/share/man/man1/;
			dstSubfolderSpec = 0;
			files = (
			);
			runOnlyForDeploymentPostprocessing = 1;
		};
/* End PBXCopyFilesBuildPhase section */

/* Begin PBXFileReference section */
		8C6780FB26DA59AB00361CF1 /* Events.cpp */ = {isa = PBXFileReference; lastKnownFileType = sourcecode.cpp.cpp; path = Events.cpp; sourceTree = "<group>"; };
		8C6780FC26DA59AB00361CF1 /* Events.hpp */ = {isa = PBXFileReference; lastKnownFileType = sourcecode.cpp.h; path = Events.hpp; sourceTree = "<group>"; };
		8CDFDBCC26D93BBF00C610B2 /* imgui.cpp */ = {isa = PBXFileReference; fileEncoding = 4; lastKnownFileType = sourcecode.cpp.cpp; name = imgui.cpp; path = ThirdParty/imgui/imgui.cpp; sourceTree = SOURCE_ROOT; };
		8CDFDBCE26D93BD200C610B2 /* imgui_impl_opengl3.cpp */ = {isa = PBXFileReference; fileEncoding = 4; lastKnownFileType = sourcecode.cpp.cpp; name = imgui_impl_opengl3.cpp; path = ThirdParty/imgui/backends/imgui_impl_opengl3.cpp; sourceTree = SOURCE_ROOT; };
		8CDFDBD026D93BDB00C610B2 /* imgui_impl_glfw.cpp */ = {isa = PBXFileReference; fileEncoding = 4; lastKnownFileType = sourcecode.cpp.cpp; name = imgui_impl_glfw.cpp; path = ThirdParty/imgui/backends/imgui_impl_glfw.cpp; sourceTree = SOURCE_ROOT; };
		8CDFDBD226D93C4500C610B2 /* imgui_draw.cpp */ = {isa = PBXFileReference; fileEncoding = 4; lastKnownFileType = sourcecode.cpp.cpp; name = imgui_draw.cpp; path = ThirdParty/imgui/imgui_draw.cpp; sourceTree = SOURCE_ROOT; };
		8CDFDBD426D93C6B00C610B2 /* imgui_tables.cpp */ = {isa = PBXFileReference; fileEncoding = 4; lastKnownFileType = sourcecode.cpp.cpp; name = imgui_tables.cpp; path = ThirdParty/imgui/imgui_tables.cpp; sourceTree = SOURCE_ROOT; };
		8CDFDBD626D93C8B00C610B2 /* imgui_widgets.cpp */ = {isa = PBXFileReference; fileEncoding = 4; lastKnownFileType = sourcecode.cpp.cpp; name = imgui_widgets.cpp; path = ThirdParty/imgui/imgui_widgets.cpp; sourceTree = SOURCE_ROOT; };
		8CDFDBD826D95B2C00C610B2 /* Render2D.cpp */ = {isa = PBXFileReference; lastKnownFileType = sourcecode.cpp.cpp; path = Render2D.cpp; sourceTree = "<group>"; };
		8CDFDBD926D95B2C00C610B2 /* Render2D.hpp */ = {isa = PBXFileReference; lastKnownFileType = sourcecode.cpp.h; path = Render2D.hpp; sourceTree = "<group>"; };
		8CF9AEC026E3D65B0009BB52 /* Entity.cpp */ = {isa = PBXFileReference; lastKnownFileType = sourcecode.cpp.cpp; path = Entity.cpp; sourceTree = "<group>"; };
		8CF9AEC126E3D65B0009BB52 /* Entity.hpp */ = {isa = PBXFileReference; lastKnownFileType = sourcecode.cpp.h; path = Entity.hpp; sourceTree = "<group>"; };
		8CF9AEC326E3D6F10009BB52 /* Vectors.cpp */ = {isa = PBXFileReference; lastKnownFileType = sourcecode.cpp.cpp; path = Vectors.cpp; sourceTree = "<group>"; };
		8CF9AEC426E3D6F10009BB52 /* Vectors.hpp */ = {isa = PBXFileReference; lastKnownFileType = sourcecode.cpp.h; path = Vectors.hpp; sourceTree = "<group>"; };
		8CF9AEC926E3DABA0009BB52 /* SEngine_internal.h */ = {isa = PBXFileReference; lastKnownFileType = sourcecode.c.h; path = SEngine_internal.h; sourceTree = "<group>"; };
		91DEC23626D9BDA000699F22 /* Shader.h */ = {isa = PBXFileReference; lastKnownFileType = sourcecode.c.h; path = Shader.h; sourceTree = "<group>"; };
		91DEC23826D9BE0200699F22 /* Texture.fs */ = {isa = PBXFileReference; lastKnownFileType = sourcecode.glsl; path = Texture.fs; sourceTree = "<group>"; };
		91DEC23926D9BE0200699F22 /* OneColor.vs */ = {isa = PBXFileReference; lastKnownFileType = sourcecode.glsl; path = OneColor.vs; sourceTree = "<group>"; };
		91DEC23A26D9BE0200699F22 /* OneColor.fs */ = {isa = PBXFileReference; lastKnownFileType = sourcecode.glsl; path = OneColor.fs; sourceTree = "<group>"; };
		91DEC23B26D9BE0200699F22 /* Texture.vs */ = {isa = PBXFileReference; lastKnownFileType = sourcecode.glsl; path = Texture.vs; sourceTree = "<group>"; };
		91DEC27426D9E7F400699F22 /* SandBoxApp.hpp */ = {isa = PBXFileReference; fileEncoding = 4; lastKnownFileType = sourcecode.cpp.h; path = SandBoxApp.hpp; sourceTree = "<group>"; };
		91DEC27526D9E7F400699F22 /* SandBoxApp.cpp */ = {isa = PBXFileReference; fileEncoding = 4; lastKnownFileType = sourcecode.cpp.cpp; path = SandBoxApp.cpp; sourceTree = "<group>"; };
		A404A99326D28FA300A849C0 /* Window.cpp */ = {isa = PBXFileReference; lastKnownFileType = sourcecode.cpp.cpp; path = Window.cpp; sourceTree = "<group>"; };
		A404A99426D28FA300A849C0 /* Window.hpp */ = {isa = PBXFileReference; lastKnownFileType = sourcecode.cpp.h; path = Window.hpp; sourceTree = "<group>"; };
		A404A99626D28FE700A849C0 /* IOKit.framework */ = {isa = PBXFileReference; lastKnownFileType = wrapper.framework; name = IOKit.framework; path = System/Library/Frameworks/IOKit.framework; sourceTree = SDKROOT; };
		A462A71726D2606A005574F0 /* CoreVideo.framework */ = {isa = PBXFileReference; lastKnownFileType = wrapper.framework; name = CoreVideo.framework; path = System/Library/Frameworks/CoreVideo.framework; sourceTree = SDKROOT; };
		A462A71926D2606F005574F0 /* Cocoa.framework */ = {isa = PBXFileReference; lastKnownFileType = wrapper.framework; name = Cocoa.framework; path = System/Library/Frameworks/Cocoa.framework; sourceTree = SDKROOT; };
		A462A71B26D26090005574F0 /* libglfw3.a */ = {isa = PBXFileReference; lastKnownFileType = archive.ar; name = libglfw3.a; path = ../../../../usr/local/lib/libglfw3.a; sourceTree = "<group>"; };
		A4910DD726CFEE0B00A691AE /* SEngine */ = {isa = PBXFileReference; explicitFileType = "compiled.mach-o.executable"; includeInIndex = 0; path = SEngine; sourceTree = BUILT_PRODUCTS_DIR; };
		A4910DE226CFEE5300A691AE /* EntryPoint.cpp */ = {isa = PBXFileReference; lastKnownFileType = sourcecode.cpp.cpp; path = EntryPoint.cpp; sourceTree = "<group>"; };
		A4910DE326CFEE5300A691AE /* EntryPoint.hpp */ = {isa = PBXFileReference; lastKnownFileType = sourcecode.cpp.h; path = EntryPoint.hpp; sourceTree = "<group>"; };
		A4910DE526CFEEBF00A691AE /* Application.cpp */ = {isa = PBXFileReference; lastKnownFileType = sourcecode.cpp.cpp; path = Application.cpp; sourceTree = "<group>"; };
		A4910DE626CFEEBF00A691AE /* Application.hpp */ = {isa = PBXFileReference; lastKnownFileType = sourcecode.cpp.h; path = Application.hpp; sourceTree = "<group>"; };
		A4910DFB26CFF35F00A691AE /* SEngine.h */ = {isa = PBXFileReference; lastKnownFileType = sourcecode.c.h; path = SEngine.h; sourceTree = "<group>"; };
		A4910E0126D0058B00A691AE /* Logger.cpp */ = {isa = PBXFileReference; lastKnownFileType = sourcecode.cpp.cpp; path = Logger.cpp; sourceTree = "<group>"; };
		A4910E0226D0058B00A691AE /* Logger.hpp */ = {isa = PBXFileReference; lastKnownFileType = sourcecode.cpp.h; path = Logger.hpp; sourceTree = "<group>"; };
		A4910E0426D0082800A691AE /* Core.h */ = {isa = PBXFileReference; lastKnownFileType = sourcecode.c.h; path = Core.h; sourceTree = "<group>"; };
		A49C0FF426D3BC0D00DAB7D2 /* UI.cpp */ = {isa = PBXFileReference; lastKnownFileType = sourcecode.cpp.cpp; path = UI.cpp; sourceTree = "<group>"; };
		A49C0FF526D3BC0D00DAB7D2 /* UI.hpp */ = {isa = PBXFileReference; lastKnownFileType = sourcecode.cpp.h; path = UI.hpp; sourceTree = "<group>"; };
		A49C0FFF26D3CC4D00DAB7D2 /* OpenGL.framework */ = {isa = PBXFileReference; lastKnownFileType = wrapper.framework; name = OpenGL.framework; path = System/Library/Frameworks/OpenGL.framework; sourceTree = SDKROOT; };
		A49C100126D3CC5600DAB7D2 /* GLUT.framework */ = {isa = PBXFileReference; lastKnownFileType = wrapper.framework; name = GLUT.framework; path = System/Library/Frameworks/GLUT.framework; sourceTree = SDKROOT; };
		A49C100526D3CE3E00DAB7D2 /* glad.c */ = {isa = PBXFileReference; fileEncoding = 4; lastKnownFileType = sourcecode.c.c; path = glad.c; sourceTree = "<group>"; };
/* End PBXFileReference section */

/* Begin PBXFrameworksBuildPhase section */
		A4910DD426CFEE0B00A691AE /* Frameworks */ = {
			isa = PBXFrameworksBuildPhase;
			buildActionMask = 2147483647;
			files = (
				A49C100026D3CC4D00DAB7D2 /* OpenGL.framework in Frameworks */,
				A49C100226D3CC5600DAB7D2 /* GLUT.framework in Frameworks */,
				A404A99726D28FE700A849C0 /* IOKit.framework in Frameworks */,
				A462A71A26D2606F005574F0 /* Cocoa.framework in Frameworks */,
				A462A71826D2606A005574F0 /* CoreVideo.framework in Frameworks */,
				A462A71C26D26090005574F0 /* libglfw3.a in Frameworks */,
			);
			runOnlyForDeploymentPostprocessing = 0;
		};
/* End PBXFrameworksBuildPhase section */

/* Begin PBXGroup section */
		8CDFDBCB26D93B9B00C610B2 /* imgui */ = {
			isa = PBXGroup;
			children = (
				8CDFDBD626D93C8B00C610B2 /* imgui_widgets.cpp */,
				8CDFDBD426D93C6B00C610B2 /* imgui_tables.cpp */,
				8CDFDBD226D93C4500C610B2 /* imgui_draw.cpp */,
				8CDFDBD026D93BDB00C610B2 /* imgui_impl_glfw.cpp */,
				8CDFDBCE26D93BD200C610B2 /* imgui_impl_opengl3.cpp */,
				8CDFDBCC26D93BBF00C610B2 /* imgui.cpp */,
			);
			path = imgui;
			sourceTree = "<group>";
		};
		8CF9AEBF26E3D63D0009BB52 /* Entity */ = {
			isa = PBXGroup;
			children = (
				8CF9AEC026E3D65B0009BB52 /* Entity.cpp */,
				8CF9AEC126E3D65B0009BB52 /* Entity.hpp */,
			);
			path = Entity;
			sourceTree = "<group>";
		};
		8CFDCDE126DBA70100AB1BFD /* Render */ = {
			isa = PBXGroup;
			children = (
				A404A99326D28FA300A849C0 /* Window.cpp */,
				A404A99426D28FA300A849C0 /* Window.hpp */,
				A404A99826D29E9000A849C0 /* Render2D */,
			);
			path = Render;
			sourceTree = "<group>";
		};
		91DEC23726D9BE0200699F22 /* shaders */ = {
			isa = PBXGroup;
			children = (
				91DEC23926D9BE0200699F22 /* OneColor.vs */,
				91DEC23A26D9BE0200699F22 /* OneColor.fs */,
				91DEC23B26D9BE0200699F22 /* Texture.vs */,
				91DEC23826D9BE0200699F22 /* Texture.fs */,
			);
			path = shaders;
			sourceTree = "<group>";
		};
		A404A99826D29E9000A849C0 /* Render2D */ = {
			isa = PBXGroup;
			children = (
				8CDFDBD826D95B2C00C610B2 /* Render2D.cpp */,
				8CDFDBD926D95B2C00C610B2 /* Render2D.hpp */,
				91DEC23626D9BDA000699F22 /* Shader.h */,
			);
			path = Render2D;
			sourceTree = "<group>";
		};
		A462A71626D26069005574F0 /* Frameworks */ = {
			isa = PBXGroup;
			children = (
				A462A71B26D26090005574F0 /* libglfw3.a */,
				A49C0FFF26D3CC4D00DAB7D2 /* OpenGL.framework */,
				A404A99626D28FE700A849C0 /* IOKit.framework */,
				A49C100126D3CC5600DAB7D2 /* GLUT.framework */,
				A462A71726D2606A005574F0 /* CoreVideo.framework */,
				A462A71926D2606F005574F0 /* Cocoa.framework */,
			);
			name = Frameworks;
			sourceTree = "<group>";
		};
		A462A71F26D26579005574F0 /* Debug */ = {
			isa = PBXGroup;
			children = (
				A4910E0126D0058B00A691AE /* Logger.cpp */,
				A4910E0226D0058B00A691AE /* Logger.hpp */,
			);
			path = Debug;
			sourceTree = "<group>";
		};
		A4910DCE26CFEE0B00A691AE = {
			isa = PBXGroup;
			children = (
				A4910DFC26CFF57700A691AE /* Game */,
				A49C100526D3CE3E00DAB7D2 /* glad.c */,
				A4910DD926CFEE0B00A691AE /* SEngine */,
				A4910DD826CFEE0B00A691AE /* Products */,
				A462A71626D26069005574F0 /* Frameworks */,
			);
			sourceTree = "<group>";
		};
		A4910DD826CFEE0B00A691AE /* Products */ = {
			isa = PBXGroup;
			children = (
				A4910DD726CFEE0B00A691AE /* SEngine */,
			);
			name = Products;
			sourceTree = "<group>";
		};
		A4910DD926CFEE0B00A691AE /* SEngine */ = {
			isa = PBXGroup;
			children = (
				8CF9AEBF26E3D63D0009BB52 /* Entity */,
				8CFDCDE126DBA70100AB1BFD /* Render */,
				91DEC23726D9BE0200699F22 /* shaders */,
				A4910DE126CFEE3B00A691AE /* Core */,
				A49C0FF326D3BBE400DAB7D2 /* UserInterface */,
				A462A71F26D26579005574F0 /* Debug */,
				A4910DFB26CFF35F00A691AE /* SEngine.h */,
				8CF9AEC926E3DABA0009BB52 /* SEngine_internal.h */,
			);
			path = SEngine;
			sourceTree = "<group>";
		};
		A4910DE126CFEE3B00A691AE /* Core */ = {
			isa = PBXGroup;
			children = (
				A4910DE226CFEE5300A691AE /* EntryPoint.cpp */,
				A4910DE326CFEE5300A691AE /* EntryPoint.hpp */,
				A4910DE526CFEEBF00A691AE /* Application.cpp */,
				A4910DE626CFEEBF00A691AE /* Application.hpp */,
				A4910E0426D0082800A691AE /* Core.h */,
				8C6780FB26DA59AB00361CF1 /* Events.cpp */,
				8C6780FC26DA59AB00361CF1 /* Events.hpp */,
				8CF9AEC326E3D6F10009BB52 /* Vectors.cpp */,
				8CF9AEC426E3D6F10009BB52 /* Vectors.hpp */,
			);
			path = Core;
			sourceTree = "<group>";
		};
		A4910DFC26CFF57700A691AE /* Game */ = {
			isa = PBXGroup;
			children = (
				A4910DFD26CFF58A00A691AE /* SandBox */,
			);
			path = Game;
			sourceTree = "<group>";
		};
		A4910DFD26CFF58A00A691AE /* SandBox */ = {
			isa = PBXGroup;
			children = (
				91DEC27526D9E7F400699F22 /* SandBoxApp.cpp */,
				91DEC27426D9E7F400699F22 /* SandBoxApp.hpp */,
			);
			path = SandBox;
			sourceTree = "<group>";
		};
		A49C0FF326D3BBE400DAB7D2 /* UserInterface */ = {
			isa = PBXGroup;
			children = (
				8CDFDBCB26D93B9B00C610B2 /* imgui */,
				A49C0FF426D3BC0D00DAB7D2 /* UI.cpp */,
				A49C0FF526D3BC0D00DAB7D2 /* UI.hpp */,
			);
			path = UserInterface;
			sourceTree = "<group>";
		};
/* End PBXGroup section */

/* Begin PBXNativeTarget section */
		A4910DD626CFEE0B00A691AE /* SEngine */ = {
			isa = PBXNativeTarget;
			buildConfigurationList = A4910DDE26CFEE0B00A691AE /* Build configuration list for PBXNativeTarget "SEngine" */;
			buildPhases = (
				A4910DD326CFEE0B00A691AE /* Sources */,
				A4910DD426CFEE0B00A691AE /* Frameworks */,
				A4910DD526CFEE0B00A691AE /* CopyFiles */,
			);
			buildRules = (
			);
			dependencies = (
			);
			name = SEngine;
			productName = SEngine;
			productReference = A4910DD726CFEE0B00A691AE /* SEngine */;
			productType = "com.apple.product-type.tool";
		};
/* End PBXNativeTarget section */

/* Begin PBXProject section */
		A4910DCF26CFEE0B00A691AE /* Project object */ = {
			isa = PBXProject;
			attributes = {
				LastUpgradeCheck = 1250;
				TargetAttributes = {
					A4910DD626CFEE0B00A691AE = {
						CreatedOnToolsVersion = 12.5.1;
					};
				};
			};
			buildConfigurationList = A4910DD226CFEE0B00A691AE /* Build configuration list for PBXProject "SEngine" */;
			compatibilityVersion = "Xcode 9.3";
			developmentRegion = en;
			hasScannedForEncodings = 0;
			knownRegions = (
				en,
				Base,
			);
			mainGroup = A4910DCE26CFEE0B00A691AE;
			productRefGroup = A4910DD826CFEE0B00A691AE /* Products */;
			projectDirPath = "";
			projectRoot = "";
			targets = (
				A4910DD626CFEE0B00A691AE /* SEngine */,
			);
		};
/* End PBXProject section */

/* Begin PBXSourcesBuildPhase section */
		A4910DD326CFEE0B00A691AE /* Sources */ = {
			isa = PBXSourcesBuildPhase;
			buildActionMask = 2147483647;
			files = (
				A49C103226D3D15F00DAB7D2 /* glad.c in Sources */,
				91DEC27626D9E7F400699F22 /* SandBoxApp.cpp in Sources */,
				A49C102E26D3D15500DAB7D2 /* Application.cpp in Sources */,
				8C6780FD26DA59AB00361CF1 /* Events.cpp in Sources */,
				8CDFDBD126D93BDB00C610B2 /* imgui_impl_glfw.cpp in Sources */,
				A49C102F26D3D15500DAB7D2 /* UI.cpp in Sources */,
				A49C103026D3D15500DAB7D2 /* Window.cpp in Sources */,
				8CDFDBD326D93C4500C610B2 /* imgui_draw.cpp in Sources */,
				8CF9AEC526E3D6F10009BB52 /* Vectors.cpp in Sources */,
				8CF9AEC226E3D65B0009BB52 /* Entity.cpp in Sources */,
				8CDFDBCD26D93BBF00C610B2 /* imgui.cpp in Sources */,
				8CDFDBD726D93C8B00C610B2 /* imgui_widgets.cpp in Sources */,
				A49C103126D3D15500DAB7D2 /* Logger.cpp in Sources */,
				8CDFDBCF26D93BD200C610B2 /* imgui_impl_opengl3.cpp in Sources */,
				8CDFDBDA26D95B2C00C610B2 /* Render2D.cpp in Sources */,
				8CDFDBD526D93C6B00C610B2 /* imgui_tables.cpp in Sources */,
				A49C102B26D3D0D200DAB7D2 /* EntryPoint.cpp in Sources */,
			);
			runOnlyForDeploymentPostprocessing = 0;
		};
/* End PBXSourcesBuildPhase section */

/* Begin XCBuildConfiguration section */
		A4910DDC26CFEE0B00A691AE /* Debug */ = {
			isa = XCBuildConfiguration;
			buildSettings = {
				ALWAYS_SEARCH_USER_PATHS = NO;
				CLANG_ANALYZER_NONNULL = YES;
				CLANG_ANALYZER_NUMBER_OBJECT_CONVERSION = YES_AGGRESSIVE;
				CLANG_CXX_LANGUAGE_STANDARD = "gnu++14";
				CLANG_CXX_LIBRARY = "libc++";
				CLANG_ENABLE_MODULES = YES;
				CLANG_ENABLE_OBJC_ARC = YES;
				CLANG_ENABLE_OBJC_WEAK = YES;
				CLANG_WARN_BLOCK_CAPTURE_AUTORELEASING = YES;
				CLANG_WARN_BOOL_CONVERSION = YES;
				CLANG_WARN_COMMA = YES;
				CLANG_WARN_CONSTANT_CONVERSION = YES;
				CLANG_WARN_DEPRECATED_OBJC_IMPLEMENTATIONS = YES;
				CLANG_WARN_DIRECT_OBJC_ISA_USAGE = YES_ERROR;
				CLANG_WARN_DOCUMENTATION_COMMENTS = YES;
				CLANG_WARN_EMPTY_BODY = YES;
				CLANG_WARN_ENUM_CONVERSION = YES;
				CLANG_WARN_INFINITE_RECURSION = YES;
				CLANG_WARN_INT_CONVERSION = YES;
				CLANG_WARN_NON_LITERAL_NULL_CONVERSION = YES;
				CLANG_WARN_OBJC_IMPLICIT_RETAIN_SELF = YES;
				CLANG_WARN_OBJC_LITERAL_CONVERSION = YES;
				CLANG_WARN_OBJC_ROOT_CLASS = YES_ERROR;
				CLANG_WARN_QUOTED_INCLUDE_IN_FRAMEWORK_HEADER = YES;
				CLANG_WARN_RANGE_LOOP_ANALYSIS = YES;
				CLANG_WARN_STRICT_PROTOTYPES = YES;
				CLANG_WARN_SUSPICIOUS_MOVE = YES;
				CLANG_WARN_UNGUARDED_AVAILABILITY = YES_AGGRESSIVE;
				CLANG_WARN_UNREACHABLE_CODE = YES;
				CLANG_WARN__DUPLICATE_METHOD_MATCH = YES;
				COPY_PHASE_STRIP = NO;
				DEBUG_INFORMATION_FORMAT = dwarf;
				ENABLE_STRICT_OBJC_MSGSEND = YES;
				ENABLE_TESTABILITY = YES;
				GCC_C_LANGUAGE_STANDARD = gnu11;
				GCC_DYNAMIC_NO_PIC = NO;
				GCC_NO_COMMON_BLOCKS = YES;
				GCC_OPTIMIZATION_LEVEL = 0;
				GCC_PREPROCESSOR_DEFINITIONS = (
					"DEBUG=1",
					"$(inherited)",
				);
				GCC_WARN_64_TO_32_BIT_CONVERSION = YES;
				GCC_WARN_ABOUT_RETURN_TYPE = YES_ERROR;
				GCC_WARN_UNDECLARED_SELECTOR = YES;
				GCC_WARN_UNINITIALIZED_AUTOS = YES_AGGRESSIVE;
				GCC_WARN_UNUSED_FUNCTION = YES;
				GCC_WARN_UNUSED_VARIABLE = YES;
				MACOSX_DEPLOYMENT_TARGET = 11.3;
				MTL_ENABLE_DEBUG_INFO = INCLUDE_SOURCE;
				MTL_FAST_MATH = YES;
				ONLY_ACTIVE_ARCH = YES;
				SDKROOT = macosx;
			};
			name = Debug;
		};
		A4910DDD26CFEE0B00A691AE /* Release */ = {
			isa = XCBuildConfiguration;
			buildSettings = {
				ALWAYS_SEARCH_USER_PATHS = NO;
				CLANG_ANALYZER_NONNULL = YES;
				CLANG_ANALYZER_NUMBER_OBJECT_CONVERSION = YES_AGGRESSIVE;
				CLANG_CXX_LANGUAGE_STANDARD = "gnu++14";
				CLANG_CXX_LIBRARY = "libc++";
				CLANG_ENABLE_MODULES = YES;
				CLANG_ENABLE_OBJC_ARC = YES;
				CLANG_ENABLE_OBJC_WEAK = YES;
				CLANG_WARN_BLOCK_CAPTURE_AUTORELEASING = YES;
				CLANG_WARN_BOOL_CONVERSION = YES;
				CLANG_WARN_COMMA = YES;
				CLANG_WARN_CONSTANT_CONVERSION = YES;
				CLANG_WARN_DEPRECATED_OBJC_IMPLEMENTATIONS = YES;
				CLANG_WARN_DIRECT_OBJC_ISA_USAGE = YES_ERROR;
				CLANG_WARN_DOCUMENTATION_COMMENTS = YES;
				CLANG_WARN_EMPTY_BODY = YES;
				CLANG_WARN_ENUM_CONVERSION = YES;
				CLANG_WARN_INFINITE_RECURSION = YES;
				CLANG_WARN_INT_CONVERSION = YES;
				CLANG_WARN_NON_LITERAL_NULL_CONVERSION = YES;
				CLANG_WARN_OBJC_IMPLICIT_RETAIN_SELF = YES;
				CLANG_WARN_OBJC_LITERAL_CONVERSION = YES;
				CLANG_WARN_OBJC_ROOT_CLASS = YES_ERROR;
				CLANG_WARN_QUOTED_INCLUDE_IN_FRAMEWORK_HEADER = YES;
				CLANG_WARN_RANGE_LOOP_ANALYSIS = YES;
				CLANG_WARN_STRICT_PROTOTYPES = YES;
				CLANG_WARN_SUSPICIOUS_MOVE = YES;
				CLANG_WARN_UNGUARDED_AVAILABILITY = YES_AGGRESSIVE;
				CLANG_WARN_UNREACHABLE_CODE = YES;
				CLANG_WARN__DUPLICATE_METHOD_MATCH = YES;
				COPY_PHASE_STRIP = NO;
				DEBUG_INFORMATION_FORMAT = "dwarf-with-dsym";
				ENABLE_NS_ASSERTIONS = NO;
				ENABLE_STRICT_OBJC_MSGSEND = YES;
				GCC_C_LANGUAGE_STANDARD = gnu11;
				GCC_NO_COMMON_BLOCKS = YES;
				GCC_WARN_64_TO_32_BIT_CONVERSION = YES;
				GCC_WARN_ABOUT_RETURN_TYPE = YES_ERROR;
				GCC_WARN_UNDECLARED_SELECTOR = YES;
				GCC_WARN_UNINITIALIZED_AUTOS = YES_AGGRESSIVE;
				GCC_WARN_UNUSED_FUNCTION = YES;
				GCC_WARN_UNUSED_VARIABLE = YES;
				MACOSX_DEPLOYMENT_TARGET = 11.3;
				MTL_ENABLE_DEBUG_INFO = NO;
				MTL_FAST_MATH = YES;
				SDKROOT = macosx;
			};
			name = Release;
		};
		A4910DDF26CFEE0B00A691AE /* Debug */ = {
			isa = XCBuildConfiguration;
			buildSettings = {
				CODE_SIGN_IDENTITY = "Apple Development";
				CODE_SIGN_STYLE = Automatic;
				DEVELOPMENT_TEAM = 9J3D5G44F2;
				ENABLE_HARDENED_RUNTIME = YES;
				HEADER_SEARCH_PATHS = (
					/usr/local/include,
					"\"$(SRCROOT)/ThirdParty/imgui\"",
					"\"$(SRCROOT)/ThirdParty/spdlog/include\"",
				);
				LIBRARY_SEARCH_PATHS = (
					/usr/local/lib,
					"\"$(SRCROOT)/ThirdParty/imgui\"",
				);
				PRODUCT_NAME = "$(TARGET_NAME)";
			};
			name = Debug;
		};
		A4910DE026CFEE0B00A691AE /* Release */ = {
			isa = XCBuildConfiguration;
			buildSettings = {
				CODE_SIGN_IDENTITY = "Apple Development";
				CODE_SIGN_STYLE = Automatic;
				DEVELOPMENT_TEAM = 9J3D5G44F2;
				ENABLE_HARDENED_RUNTIME = YES;
				HEADER_SEARCH_PATHS = (
					/usr/local/include,
					"\"$(SRCROOT)/ThirdParty/imgui\"",
					"\"$(SRCROOT)/ThirdParty/spdlog/include\"",
				);
				LIBRARY_SEARCH_PATHS = (
					/usr/local/lib,
					"\"$(SRCROOT)/ThirdParty/imgui\"",
				);
				PRODUCT_NAME = "$(TARGET_NAME)";
			};
			name = Release;
		};
/* End XCBuildConfiguration section */

/* Begin XCConfigurationList section */
		A4910DD226CFEE0B00A691AE /* Build configuration list for PBXProject "SEngine" */ = {
			isa = XCConfigurationList;
			buildConfigurations = (
				A4910DDC26CFEE0B00A691AE /* Debug */,
				A4910DDD26CFEE0B00A691AE /* Release */,
			);
			defaultConfigurationIsVisible = 0;
			defaultConfigurationName = Release;
		};
		A4910DDE26CFEE0B00A691AE /* Build configuration list for PBXNativeTarget "SEngine" */ = {
			isa = XCConfigurationList;
			buildConfigurations = (
				A4910DDF26CFEE0B00A691AE /* Debug */,
				A4910DE026CFEE0B00A691AE /* Release */,
			);
			defaultConfigurationIsVisible = 0;
			defaultConfigurationName = Release;
		};
/* End XCConfigurationList section */
	};
	rootObject = A4910DCF26CFEE0B00A691AE /* Project object */;
}
